github.com/rossmerr/bitvector v0.0.0-20230205222047-afb18aa84038 h1:JEwyumvW/DQP5z7owceqUmRROKNX6xJa/GSdFLXGYPM=
github.com/rossmerr/bitvector v0.0.0-20230205222047-afb18aa84038/go.mod h1:SspG0ls/bZbhrZZh2jmLXxtfk9Chif7C+acDx1qT1KM=
github.com/rossmerr/bitvector v0.0.0-20230209232352-fe5ad6a50a13 h1:YMOaOb1xTdKI63pTvlYvU+4WJ0suFmHjoA8uY9V6ELs=
github.com/rossmerr/bitvector v0.0.0-20230209232352-fe5ad6a50a13/go.mod h1:SspG0ls/bZbhrZZh2jmLXxtfk9Chif7C+acDx1qT1KM=
github.com/rossmerr/bitvector v0.0.0-20230214194829-0930f1213f6c h1:oev4YhkenpOPRMfJ8EbfD/R/Ir8tWKkN+Glisr0SaWM=
github.com/rossmerr/bitvector v0.0.0-20230214194829-0930f1213f6c/go.mod h1:SspG0ls/bZbhrZZh2jmLXxtfk9Chif7C+acDx1qT1KM=
github.com/rossmerr/bitvector v0.0.0-20230302170651-1a11a30098d3 h1:pmfZe4jr7pYwMqTP1x8tSrbvQ3J1rlODzrf6VOi1suQ=
github.com/rossmerr/bitvector v0.0.0-20230302170651-1a11a30098d3/go.mod h1:SspG0ls/bZbhrZZh2jmLXxtfk9Chif7C+acDx1qT1KM=
github.com/rossmerr/bitvector v0.0.0-20230305161122-f4d22af85f5e h1:2eJN61eFJFne5lwXi8yGZEiqOzXTYMztVggjzCyXXag=
github.com/rossmerr/bitvector v0.0.0-20230305161122-f4d22af85f5e/go.mod h1:SspG0ls/bZbhrZZh2jmLXxtfk9Chif7C+acDx1qT1KM=
github.com/rossmerr/bwt v0.0.0-20220717132418-2cf0f663923d h1:ek/eD8B2VH7uotqacgAUm1MOtC6LGXt0G6U2nNb8r9M=
github.com/rossmerr/bwt v0.0.0-20220717132418-2cf0f663923d/go.mod h1:B3p3lYcx2oqJ/dGzBzjZP8gCZV2OAU8pJiCShvE48rY=
github.com/rossmerr/bwt v0.0.0-20230209114715-4278fad8d26b h1:jEzElfmgTkiGQRa8ygXHn6zHMXUlz+a8u8ev45ybtzQ=
github.com/rossmerr/bwt v0.0.0-20230209114715-4278fad8d26b/go.mod h1:Blhnq5p8A6dyyhB01CiM08FTAk/TuGItL7HmSIkONq4=
github.com/rossmerr/bwt v0.0.0-20230222232111-6576dc27ca94 h1:niqvA0HgDR14duuss60Q8dfqQ/Uw9i7g8WWdSrLIC0s=
github.com/rossmerr/bwt v0.0.0-20230222232111-6576dc27ca94/go.mod h1:Blhnq5p8A6dyyhB01CiM08FTAk/TuGItL7HmSIkONq4=
github.com/rossmerr/bwt v0.0.0-20230228095029-d00fc9100934 h1:iZpqHmQJ7vZ/FKBbuZ+cMXJZ+CZZ4qEOxnp6El7anUg=
github.com/rossmerr/bwt v0.0.0-20230228095029-d00fc9100934/go.mod h1:Blhnq5p8A6dyyhB01CiM08FTAk/TuGItL7HmSIkONq4=
github.com/rossmerr/bwt v0.0.0-20230228102343-794f7ffd71c5 h1:zr7I/Rnm+DJ8FO663r/+kFNNJC9jyb6gVhzNFQbmNcI=
github.com/rossmerr/bwt v0.0.0-20230228102343-794f7ffd71c5/go.mod h1:Blhnq5p8A6dyyhB01CiM08FTAk/TuGItL7HmSIkONq4=
github.com/rossmerr/bwt v0.0.0-20230228102941-75b659a15661 h1:RYra+u9oWnCLvRY3cGwvGC4M312amAq8Pw/f2LHSse4=
github.com/rossmerr/bwt v0.0.0-20230228102941-75b659a15661/go.mod h1:Blhnq5p8A6dyyhB01CiM08FTAk/TuGItL7HmSIkONq4=
github.com/rossmerr/bwt v0.0.0-20230228151608-84f69d0403f4 h1:Cl3XX4yNWJAPaqfdBdvhhY9Nsw3/BfsMk1rLdVXl6Ws=
github.com/rossmerr/bwt v0.0.0-20230228151608-84f69d0403f4/go.mod h1:Blhnq5p8A6dyyhB01CiM08FTAk/TuGItL7HmSIkONq4=
github.com/rossmerr/bwt v0.0.0-20230228152922-87bbe2cca1a3 h1:ZjFL625t2Y2UsX0r9Tzr5qvjf4OnqH4ma2yF4s7r37c=
github.com/rossmerr/bwt v0.0.0-20230228152922-87bbe2cca1a3/go.mod h1:Blhnq5p8A6dyyhB01CiM08FTAk/TuGItL7HmSIkONq4=
github.com/rossmerr/bwt v0.0.0-20230228164948-19c5e8d8a7f9 h1:GFXsXBabV+rtKAVrzBe8MpIrrOn/09VC9fg1S40pXwo=
github.com/rossmerr/bwt v0.0.0-20230228164948-19c5e8d8a7f9/go.mod h1:Blhnq5p8A6dyyhB01CiM08FTAk/TuGItL7HmSIkONq4=
github.com/rossmerr/bwt v0.0.0-20230302100339-4dca2bb443a1 h1:GDtDniO8c4kgdaHpeyqSCUGb/wmBTYbU5JNPNlPiRcQ=
github.com/rossmerr/bwt v0.0.0-20230302100339-4dca2bb443a1/go.mod h1:Blhnq5p8A6dyyhB01CiM08FTAk/TuGItL7HmSIkONq4=
github.com/rossmerr/bwt v0.0.0-20230302105959-a935f9c2b8ae h1:L4wsfriFSoNZQ9d2GaB7zo9ZQqXzCngrX01GwMjCSj0=
github.com/rossmerr/bwt v0.0.0-20230302105959-a935f9c2b8ae/go.mod h1:Blhnq5p8A6dyyhB01CiM08FTAk/TuGItL7HmSIkONq4=
github.com/rossmerr/bwt v0.0.0-20230302112816-2fb3b1f8cca4 h1:gaE8bZ4Coqg8BVlqsfyYrHTVSMSjkt9L/qsbACFN0bg=
github.com/rossmerr/bwt v0.0.0-20230302112816-2fb3b1f8cca4/go.mod h1:Blhnq5p8A6dyyhB01CiM08FTAk/TuGItL7HmSIkONq4=
github.com/rossmerr/bwt v0.0.0-20230302113203-f9b984054cc9 h1:nQqFWmK2MIDKe2tlNP66ekXXVBSNpaSv9RzpjCLDHDM=
github.com/rossmerr/bwt v0.0.0-20230302113203-f9b984054cc9/go.mod h1:Blhnq5p8A6dyyhB01CiM08FTAk/TuGItL7HmSIkONq4=
github.com/rossmerr/bwt v0.0.0-20230302153108-442ef5b8fabe h1:+sm8XE/m0rK0xEy/pFpjlXhUS1fDUwiu4GITJSJAxcg=
github.com/rossmerr/bwt v0.0.0-20230302153108-442ef5b8fabe/go.mod h1:Blhnq5p8A6dyyhB01CiM08FTAk/TuGItL7HmSIkONq4=
github.com/rossmerr/bwt v0.0.0-20230303132355-42875a6f2a98 h1:mSblAi++vfbilMWqvYPwk12Xjb0oz4G2aX5QIZ3tMUU=
github.com/rossmerr/bwt v0.0.0-20230303132355-42875a6f2a98/go.mod h1:Blhnq5p8A6dyyhB01CiM08FTAk/TuGItL7HmSIkONq4=
github.com/rossmerr/bwt v0.0.0-20230305114309-5db647f40fc6 h1:npRJY4D/sSiUvP2z6X3OyIguLFM0GIkNtAzBAotZh8M=
github.com/rossmerr/bwt v0.0.0-20230305114309-5db647f40fc6/go.mod h1:Blhnq5p8A6dyyhB01CiM08FTAk/TuGItL7HmSIkONq4=
github.com/rossmerr/wavelettree v0.0.0-20230206123720-f03849e519c3 h1:W31Iy6F19ALiYcJ3riDOZhEbvNrjfgkhxDTZc1YhzaI=
github.com/rossmerr/wavelettree v0.0.0-20230206123720-f03849e519c3/go.mod h1:OEBLDd73UWlCsJ64r7OPzWfpATLDO6GQ8XpqAZM+Lts=
github.com/rossmerr/wavelettree v0.0.0-20230209154554-6f55b4a08aa6 h1:846X5UhGZwshKatWFxgDWufAX/gamw5hsNg5zL7lg6E=
github.com/rossmerr/wavelettree v0.0.0-20230209154554-6f55b4a08aa6/go.mod h1:OEBLDd73UWlCsJ64r7OPzWfpATLDO6GQ8XpqAZM+Lts=
github.com/rossmerr/wavelettree v0.0.0-20230209232451-cc5873535d9c h1:uiI/fl+mX9HVyvbduOButfoKqLxXDFa2RpOUBrFtR6s=
github.com/rossmerr/wavelettree v0.0.0-20230209232451-cc5873535d9c/go.mod h1:o2WaG8P9ElKcslzBx4tXt1eiJjiOtK3PayBmFZt71lI=
github.com/rossmerr/wavelettree v0.0.0-20230210132854-a02d9812ba34 h1:3SvaHPJuAZN3b1z1YAZL/r60ak5yxkrmBLLGV8acKmk=
github.com/rossmerr/wavelettree v0.0.0-20230210132854-a02d9812ba34/go.mod h1:o2WaG8P9ElKcslzBx4tXt1eiJjiOtK3PayBmFZt71lI=
github.com/rossmerr/wavelettree v0.0.0-20230210150051-9476dbd701a4 h1:yOhzDXW1XJ0rU1NO4TFwZLzhznNXLWnB2Vso6D8SgUw=
github.com/rossmerr/wavelettree v0.0.0-20230210150051-9476dbd701a4/go.mod h1:o2WaG8P9ElKcslzBx4tXt1eiJjiOtK3PayBmFZt71lI=
github.com/rossmerr/wavelettree v0.0.0-20230219154952-1aa4335a7651 h1:mMIjvmyFFWfsJkWGUPsWHMicKO3IN9sBVo/PN4mDh0k=
github.com/rossmerr/wavelettree v0.0.0-20230219154952-1aa4335a7651/go.mod h1:/U+l5pfJ9ANfhUZ+7H/3K6D9tjUa6H0lv4QLWF6g3l8=
github.com/rossmerr/wavelettree v0.0.0-20230219155357-b265daa81a54 h1:C5HAsFm6SD39wNcEP5fuwEi64GVyYj4D16ZUjqU+KC8=
github.com/rossmerr/wavelettree v0.0.0-20230219155357-b265daa81a54/go.mod h1:/U+l5pfJ9ANfhUZ+7H/3K6D9tjUa6H0lv4QLWF6g3l8=
github.com/rossmerr/wavelettree v0.0.0-20230219163821-7d7b20792da1 h1:o6Z5K6GbLZ1gMmX5ufwk4yR0DHfaj19M7A5CSNpg4o8=
github.com/rossmerr/wavelettree v0.0.0-20230219163821-7d7b20792da1/go.mod h1:/U+l5pfJ9ANfhUZ+7H/3K6D9tjUa6H0lv4QLWF6g3l8=
github.com/rossmerr/wavelettree v0.0.0-20230220211428-c8e5db171e44 h1:QL8JhUvLdxsx9ZQB16ygzdqU+O3NguxGUpAZ23W1bYU=
github.com/rossmerr/wavelettree v0.0.0-20230220211428-c8e5db171e44/go.mod h1:/U+l5pfJ9ANfhUZ+7H/3K6D9tjUa6H0lv4QLWF6g3l8=
github.com/rossmerr/wavelettree v0.0.0-20230220222926-087aa91029ae h1:B/4rXnJarKCZzxG7wUHTI4bY1kP1K/cKnFJsYtf2HIA=
github.com/rossmerr/wavelettree v0.0.0-20230220222926-087aa91029ae/go.mod h1:/U+l5pfJ9ANfhUZ+7H/3K6D9tjUa6H0lv4QLWF6g3l8=
github.com/rossmerr/wavelettree v0.0.0-20230302113805-22b8d311b004 h1:lVo3Fp8o8VbdkPqHgtWcl8yZAejxhwWgPP1MZbC44Gk=
github.com/rossmerr/wavelettree v0.0.0-20230302113805-22b8d311b004/go.mod h1:/U+l5pfJ9ANfhUZ+7H/3K6D9tjUa6H0lv4QLWF6g3l8=
github.com/rossmerr/wavelettree v0.0.0-20230302144818-5d34f0e8664f h1:bk+10U9VDuV6TGZYFjvUkW0gmiA6vrhW5EoZ2il5ZTY=
github.com/rossmerr/wavelettree v0.0.0-20230302144818-5d34f0e8664f/go.mod h1:/U+l5pfJ9ANfhUZ+7H/3K6D9tjUa6H0lv4QLWF6g3l8=
github.com/rossmerr/wavelettree v0.0.0-20230302151759-d1a81bf5d068 h1:a6t1pIHng4oLjih5HMZIoNpE3UWV4Z/Nyn+FZMREQmY=
github.com/rossmerr/wavelettree v0.0.0-20230302151759-d1a81bf5d068/go.mod h1:/U+l5pfJ9ANfhUZ+7H/3K6D9tjUa6H0lv4QLWF6g3l8=
github.com/rossmerr/wavelettree v0.0.0-20230302160437-291b989850b9 h1:Cegcw4RD4gpbj8PoPZcG9FpWX9ioVZYUu13YDu1KaFE=
github.com/rossmerr/wavelettree v0.0.0-20230302160437-291b989850b9/go.mod h1:/U+l5pfJ9ANfhUZ+7H/3K6D9tjUa6H0lv4QLWF6g3l8=
github.com/rossmerr/wavelettree v0.0.0-20230302161902-b7e25de6c7a2 h1:mCXTor0ITHg1e48CvMnt3kuWkZHS1s5bTWNf9RZgsUU=
github.com/rossmerr/wavelettree v0.0.0-20230302161902-b7e25de6c7a2/go.mod h1:/U+l5pfJ9ANfhUZ+7H/3K6D9tjUa6H0lv4QLWF6g3l8=
github.com/rossmerr/wavelettree v0.0.0-20230302170838-2fe950ae3563 h1:JR2FF9CViDQlzDAzrlzSG4uFyOWg+yLBKQTRObrVBzI=
github.com/rossmerr/wavelettree v0.0.0-20230302170838-2fe950ae3563/go.mod h1:HSnCqId1PVBfNcJEQTRc7BLwuOuKHhhcLiVxEw+dSvY=
github.com/rossmerr/wavelettree v0.0.0-20230303124420-26768f945dad h1:Nq2rnfsn54z3ebfY0ZO4h0Z9ezjLdWojoU/HDFw8nLI=
github.com/rossmerr/wavelettree v0.0.0-20230303124420-26768f945dad/go.mod h1:HSnCqId1PVBfNcJEQTRc7BLwuOuKHhhcLiVxEw+dSvY=
github.com/rossmerr/wavelettree v0.0.0-20230305172621-b74db573f058 h1:ktxLoR3XBO1RN9PLtYFtNMnC4uBJP222vhZXLK5sJog=
github.com/rossmerr/wavelettree v0.0.0-20230305172621-b74db573f058/go.mod h1:1tIBorBDNE59CIxJ0MudiRnp6B3NjemU0gVF2t5wHwY=
