github.com/rossmerr/bitvector v0.0.0-20230205222047-afb18aa84038 h1:JEwyumvW/DQP5z7owceqUmRROKNX6xJa/GSdFLXGYPM=
github.com/rossmerr/bitvector v0.0.0-20230205222047-afb18aa84038/go.mod h1:SspG0ls/bZbhrZZh2jmLXxtfk9Chif7C+acDx1qT1KM=
github.com/rossmerr/bitvector v0.0.0-20230209232352-fe5ad6a50a13 h1:YMOaOb1xTdKI63pTvlYvU+4WJ0suFmHjoA8uY9V6ELs=
github.com/rossmerr/bitvector v0.0.0-20230209232352-fe5ad6a50a13/go.mod h1:SspG0ls/bZbhrZZh2jmLXxtfk9Chif7C+acDx1qT1KM=
github.com/rossmerr/bitvector v0.0.0-20230214194829-0930f1213f6c h1:oev4YhkenpOPRMfJ8EbfD/R/Ir8tWKkN+Glisr0SaWM=
github.com/rossmerr/bitvector v0.0.0-20230214194829-0930f1213f6c/go.mod h1:SspG0ls/bZbhrZZh2jmLXxtfk9Chif7C+acDx1qT1KM=
github.com/rossmerr/bwt v0.0.0-20220717132418-2cf0f663923d h1:ek/eD8B2VH7uotqacgAUm1MOtC6LGXt0G6U2nNb8r9M=
github.com/rossmerr/bwt v0.0.0-20220717132418-2cf0f663923d/go.mod h1:B3p3lYcx2oqJ/dGzBzjZP8gCZV2OAU8pJiCShvE48rY=
github.com/rossmerr/bwt v0.0.0-20230209114715-4278fad8d26b h1:jEzElfmgTkiGQRa8ygXHn6zHMXUlz+a8u8ev45ybtzQ=
github.com/rossmerr/bwt v0.0.0-20230209114715-4278fad8d26b/go.mod h1:Blhnq5p8A6dyyhB01CiM08FTAk/TuGItL7HmSIkONq4=
github.com/rossmerr/bwt v0.0.0-20230222232111-6576dc27ca94 h1:niqvA0HgDR14duuss60Q8dfqQ/Uw9i7g8WWdSrLIC0s=
github.com/rossmerr/bwt v0.0.0-20230222232111-6576dc27ca94/go.mod h1:Blhnq5p8A6dyyhB01CiM08FTAk/TuGItL7HmSIkONq4=
github.com/rossmerr/bwt v0.0.0-20230228095029-d00fc9100934 h1:iZpqHmQJ7vZ/FKBbuZ+cMXJZ+CZZ4qEOxnp6El7anUg=
github.com/rossmerr/bwt v0.0.0-20230228095029-d00fc9100934/go.mod h1:Blhnq5p8A6dyyhB01CiM08FTAk/TuGItL7HmSIkONq4=
github.com/rossmerr/bwt v0.0.0-20230228102343-794f7ffd71c5 h1:zr7I/Rnm+DJ8FO663r/+kFNNJC9jyb6gVhzNFQbmNcI=
github.com/rossmerr/bwt v0.0.0-20230228102343-794f7ffd71c5/go.mod h1:Blhnq5p8A6dyyhB01CiM08FTAk/TuGItL7HmSIkONq4=
github.com/rossmerr/wavelettree v0.0.0-20230206123720-f03849e519c3 h1:W31Iy6F19ALiYcJ3riDOZhEbvNrjfgkhxDTZc1YhzaI=
github.com/rossmerr/wavelettree v0.0.0-20230206123720-f03849e519c3/go.mod h1:OEBLDd73UWlCsJ64r7OPzWfpATLDO6GQ8XpqAZM+Lts=
github.com/rossmerr/wavelettree v0.0.0-20230209154554-6f55b4a08aa6 h1:846X5UhGZwshKatWFxgDWufAX/gamw5hsNg5zL7lg6E=
github.com/rossmerr/wavelettree v0.0.0-20230209154554-6f55b4a08aa6/go.mod h1:OEBLDd73UWlCsJ64r7OPzWfpATLDO6GQ8XpqAZM+Lts=
github.com/rossmerr/wavelettree v0.0.0-20230209232451-cc5873535d9c h1:uiI/fl+mX9HVyvbduOButfoKqLxXDFa2RpOUBrFtR6s=
github.com/rossmerr/wavelettree v0.0.0-20230209232451-cc5873535d9c/go.mod h1:o2WaG8P9ElKcslzBx4tXt1eiJjiOtK3PayBmFZt71lI=
github.com/rossmerr/wavelettree v0.0.0-20230210132854-a02d9812ba34 h1:3SvaHPJuAZN3b1z1YAZL/r60ak5yxkrmBLLGV8acKmk=
github.com/rossmerr/wavelettree v0.0.0-20230210132854-a02d9812ba34/go.mod h1:o2WaG8P9ElKcslzBx4tXt1eiJjiOtK3PayBmFZt71lI=
github.com/rossmerr/wavelettree v0.0.0-20230210150051-9476dbd701a4 h1:yOhzDXW1XJ0rU1NO4TFwZLzhznNXLWnB2Vso6D8SgUw=
github.com/rossmerr/wavelettree v0.0.0-20230210150051-9476dbd701a4/go.mod h1:o2WaG8P9ElKcslzBx4tXt1eiJjiOtK3PayBmFZt71lI=
github.com/rossmerr/wavelettree v0.0.0-20230219154952-1aa4335a7651 h1:mMIjvmyFFWfsJkWGUPsWHMicKO3IN9sBVo/PN4mDh0k=
github.com/rossmerr/wavelettree v0.0.0-20230219154952-1aa4335a7651/go.mod h1:/U+l5pfJ9ANfhUZ+7H/3K6D9tjUa6H0lv4QLWF6g3l8=
github.com/rossmerr/wavelettree v0.0.0-20230219155357-b265daa81a54 h1:C5HAsFm6SD39wNcEP5fuwEi64GVyYj4D16ZUjqU+KC8=
github.com/rossmerr/wavelettree v0.0.0-20230219155357-b265daa81a54/go.mod h1:/U+l5pfJ9ANfhUZ+7H/3K6D9tjUa6H0lv4QLWF6g3l8=
github.com/rossmerr/wavelettree v0.0.0-20230219163821-7d7b20792da1 h1:o6Z5K6GbLZ1gMmX5ufwk4yR0DHfaj19M7A5CSNpg4o8=
github.com/rossmerr/wavelettree v0.0.0-20230219163821-7d7b20792da1/go.mod h1:/U+l5pfJ9ANfhUZ+7H/3K6D9tjUa6H0lv4QLWF6g3l8=
github.com/rossmerr/wavelettree v0.0.0-20230220211428-c8e5db171e44 h1:QL8JhUvLdxsx9ZQB16ygzdqU+O3NguxGUpAZ23W1bYU=
github.com/rossmerr/wavelettree v0.0.0-20230220211428-c8e5db171e44/go.mod h1:/U+l5pfJ9ANfhUZ+7H/3K6D9tjUa6H0lv4QLWF6g3l8=
github.com/rossmerr/wavelettree v0.0.0-20230220222926-087aa91029ae h1:B/4rXnJarKCZzxG7wUHTI4bY1kP1K/cKnFJsYtf2HIA=
github.com/rossmerr/wavelettree v0.0.0-20230220222926-087aa91029ae/go.mod h1:/U+l5pfJ9ANfhUZ+7H/3K6D9tjUa6H0lv4QLWF6g3l8=
